
Microsoft Visual Studio Solution File, Format Version 12.00
# Visual Studio 15
VisualStudioVersion = 15.0.27703.2026
MinimumVisualStudioVersion = 10.0.40219.1
Project("{FAE04EC0-301F-11D3-BF4B-00C04F79EFBC}") = "Kwikemart_API", "Kwikemart_API\Kwikemart_API.csproj", "{2E98E5E2-0CC1-47D1-9E2B-FEB2669D5048}"
EndProject
Global
	GlobalSection(SolutionConfigurationPlatforms) = preSolution
		Debug|Any CPU = Debug|Any CPU
		Release|Any CPU = Release|Any CPU
	EndGlobalSection
	GlobalSection(ProjectConfigurationPlatforms) = postSolution
		{2E98E5E2-0CC1-47D1-9E2B-FEB2669D5048}.Debug|Any CPU.ActiveCfg = Debug|Any CPU
		{2E98E5E2-0CC1-47D1-9E2B-FEB2669D5048}.Debug|Any CPU.Build.0 = Debug|Any CPU
		{2E98E5E2-0CC1-47D1-9E2B-FEB2669D5048}.Release|Any CPU.ActiveCfg = Release|Any CPU
		{2E98E5E2-0CC1-47D1-9E2B-FEB2669D5048}.Release|Any CPU.Build.0 = Release|Any CPU
	EndGlobalSection
	GlobalSection(SolutionProperties) = preSolution
		HideSolutionNode = FALSE
	EndGlobalSection
	GlobalSection(ExtensibilityGlobals) = postSolution
		SolutionGuid = {83BB1E73-E738-429B-898F-8BB3E5A5247A}
	EndGlobalSection
EndGlobal
